{
  "originHash" : "894d4629807b483912d4869b0a26ede1092c371dc8bc8b85d7c35e4720686a22",
  "pins" : [
    {
      "identity" : "alfred-workflow-updater",
      "kind" : "remoteSourceControl",
      "location" : "https://github.com/hanleylee/alfred-workflow-updater",
      "state" : {
        "revision" : "80eda8e12eb701436cb346330d31e06f1098e084",
        "version" : "0.0.1"
      }
    },
    {
      "identity" : "alfredworkflowscriptfilter",
      "kind" : "remoteSourceControl",
      "location" : "https://github.com/hanleylee/AlfredWorkflowScriptFilter",
      "state" : {
        "revision" : "7560c50295d9b934d5a326df39feb16a7e464e68",
        "version" : "1.0.0"
      }
    },
    {
      "identity" : "swift-argument-parser",
      "kind" : "remoteSourceControl",
      "location" : "https://github.com/apple/swift-argument-parser.git",
      "state" : {
        "revision" : "41982a3656a71c768319979febd796c6fd111d5c",
        "version" : "1.5.0"
      }
    }
  ],
  "version" : 3
}
